
Microsoft Visual Studio Solution File, Format Version 12.00
# Visual Studio Version 17
VisualStudioVersion = 17.9.34723.18
MinimumVisualStudioVersion = 10.0.40219.1
Project("{FAE04EC0-301F-11D3-BF4B-00C04F79EFBC}") = "lesson6", "lesson6.csproj", "{22185EEF-57B2-4F23-9364-4F808850C99E}"
EndProject
Global
	GlobalSection(SolutionConfigurationPlatforms) = preSolution
		Debug|Any CPU = Debug|Any CPU
		Release|Any CPU = Release|Any CPU
	EndGlobalSection
	GlobalSection(ProjectConfigurationPlatforms) = postSolution
		{22185EEF-57B2-4F23-9364-4F808850C99E}.Debug|Any CPU.ActiveCfg = Debug|Any CPU
		{22185EEF-57B2-4F23-9364-4F808850C99E}.Debug|Any CPU.Build.0 = Debug|Any CPU
		{22185EEF-57B2-4F23-9364-4F808850C99E}.Release|Any CPU.ActiveCfg = Release|Any CPU
		{22185EEF-57B2-4F23-9364-4F808850C99E}.Release|Any CPU.Build.0 = Release|Any CPU
	EndGlobalSection
	GlobalSection(SolutionProperties) = preSolution
		HideSolutionNode = FALSE
	EndGlobalSection
	GlobalSection(ExtensibilityGlobals) = postSolution
		SolutionGuid = {A7BF6B18-0FA6-464A-96C3-B7A1AD3C173D}
	EndGlobalSection
EndGlobal
